{
  "name": "recipe-manager",
  "version": "0.0.0",
  "lockfileVersion": 2,
  "requires": true,
  "packages": {
    "": {
      "name": "recipe-manager",
      "version": "0.0.0",
      "dependencies": {
        "@angular/animations": "^8.0.0",
        "@angular/common": "^8.0.0",
        "@angular/compiler": "^8.0.0",
        "@angular/core": "^8.0.0",
        "@angular/forms": "^8.0.0",
        "@angular/platform-browser": "^8.0.0",
        "@angular/platform-browser-dynamic": "^8.0.0",
        "@angular/router": "^8.0.0",
        "@ngrx/effects": "^8.0.0-beta.2",
        "@ngrx/store": "^8.0.0-beta.2",
        "bootstrap": "3.3.7",
        "core-js": "^3.1.2",
        "rxjs": "^6.0.0",
        "tslib": "^1.9.0",
        "zone.js": "~0.8.26"
      },
      "devDependencies": {
        "@ngrx/store-devtools": "^8.6.1"
      }
    },
    "node_modules/@angular/animations": {
      "version": "8.2.14",
      "resolved": "https://registry.npmjs.org/@angular/animations/-/animations-8.2.14.tgz",
      "integrity": "sha512-3Vc9TnNpKdtvKIXcWDFINSsnwgEMiDmLzjceWg1iYKwpeZGQahUXPoesLwQazBMmxJzQiA4HOMj0TTXKZ+Jzkg==",
      "dependencies": {
        "tslib": "^1.9.0"
      },
      "peerDependencies": {
        "@angular/core": "8.2.14"
      }
    },
    "node_modules/@angular/common": {
      "version": "8.2.14",
      "resolved": "https://registry.npmjs.org/@angular/common/-/common-8.2.14.tgz",
      "integrity": "sha512-Qmt+aX2quUW54kaNT7QH7WGXnFxr/cC2C6sf5SW5SdkZfDQSiz8IaItvieZfXVQUbBOQKFRJ7TlSkt0jI/yjvw==",
      "dependencies": {
        "tslib": "^1.9.0"
      },
      "peerDependencies": {
        "@angular/core": "8.2.14",
        "rxjs": "^6.4.0"
      }
    },
    "node_modules/@angular/compiler": {
      "version": "8.2.14",
      "resolved": "https://registry.npmjs.org/@angular/compiler/-/compiler-8.2.14.tgz",
      "integrity": "sha512-ABZO4E7eeFA1QyJ2trDezxeQM5ZFa1dXw1Mpl/+1vuXDKNjJgNyWYwKp/NwRkLmrsuV0yv4UDCDe4kJOGbPKnw==",
      "dependencies": {
        "tslib": "^1.9.0"
      }
    },
    "node_modules/@angular/core": {
      "version": "8.2.14",
      "resolved": "https://registry.npmjs.org/@angular/core/-/core-8.2.14.tgz",
      "integrity": "sha512-zeePkigi+hPh3rN7yoNENG/YUBUsIvUXdxx+AZq+QPaFeKEA2FBSrKn36ojHFrdJUjKzl0lPMEiGC2b6a6bo6g==",
      "dependencies": {
        "tslib": "^1.9.0"
      },
      "peerDependencies": {
        "rxjs": "^6.4.0",
        "zone.js": "~0.9.1"
      }
    },
    "node_modules/@angular/forms": {
      "version": "8.2.14",
      "resolved": "https://registry.npmjs.org/@angular/forms/-/forms-8.2.14.tgz",
      "integrity": "sha512-zhyKL3CFIqcyHJ/TQF/h1OZztK611a6rxuPHCrt/5Sn1SuBTJJQ1pPTkOYIDy6IrCrtyANc8qB6P17Mao71DNQ==",
      "dependencies": {
        "tslib": "^1.9.0"
      },
      "peerDependencies": {
        "@angular/common": "8.2.14",
        "@angular/core": "8.2.14",
        "@angular/platform-browser": "8.2.14",
        "rxjs": "^6.4.0"
      }
    },
    "node_modules/@angular/platform-browser": {
      "version": "8.2.14",
      "resolved": "https://registry.npmjs.org/@angular/platform-browser/-/platform-browser-8.2.14.tgz",
      "integrity": "sha512-MtJptptyKzsE37JZ2VB/tI4cvMrdAH+cT9pMBYZd66YSZfKjIj5s+AZo7z8ncoskQSB1o3HMfDjSK7QXGx1mLQ==",
      "dependencies": {
        "tslib": "^1.9.0"
      },
      "peerDependencies": {
        "@angular/common": "8.2.14",
        "@angular/core": "8.2.14"
      }
    },
    "node_modules/@angular/platform-browser-dynamic": {
      "version": "8.2.14",
      "resolved": "https://registry.npmjs.org/@angular/platform-browser-dynamic/-/platform-browser-dynamic-8.2.14.tgz",
      "integrity": "sha512-mO2JPR5kLU/A3AQngy9+R/Q5gaF9csMStBQjwsCRI0wNtlItOIGL6+wTYpiTuh/ux+WVN1F2sLcEYU4Zf1ud9A==",
      "dependencies": {
        "tslib": "^1.9.0"
      },
      "peerDependencies": {
        "@angular/common": "8.2.14",
        "@angular/compiler": "8.2.14",
        "@angular/core": "8.2.14",
        "@angular/platform-browser": "8.2.14"
      }
    },
    "node_modules/@angular/router": {
      "version": "8.2.14",
      "resolved": "https://registry.npmjs.org/@angular/router/-/router-8.2.14.tgz",
      "integrity": "sha512-DHA2BhODqV7F0g6ZKgFaZgbsqzHHWRcfWchCOrOVKu2rYiKUTwwHVLBgZAhrpNeinq2pWanVYSIhMr7wy+LfEA==",
      "dependencies": {
        "tslib": "^1.9.0"
      },
      "peerDependencies": {
        "@angular/common": "8.2.14",
        "@angular/core": "8.2.14",
        "@angular/platform-browser": "8.2.14",
        "rxjs": "^6.4.0"
      }
    },
    "node_modules/@ngrx/effects": {
      "version": "8.6.1",
      "resolved": "https://registry.npmjs.org/@ngrx/effects/-/effects-8.6.1.tgz",
      "integrity": "sha512-nvokfJ+LXez3DuAVSWW4w/eMrjPoSpzyHSToIVbDTVIF4JZ3g8fKdi9aHYAeXy2MDR1BaV7zMTmM9w6J0TDZtw==",
      "peerDependencies": {
        "@angular/core": "^8.0.0",
        "@ngrx/store": "8.6.1",
        "rxjs": "^6.4.0"
      }
    },
    "node_modules/@ngrx/store": {
      "version": "8.6.1",
      "resolved": "https://registry.npmjs.org/@ngrx/store/-/store-8.6.1.tgz",
      "integrity": "sha512-bV7X0hNywd6N5YroWdZffIEvLKdHZo/l4tCK9FC/o5OezVyPRKZ6QVHz8e2jnLvqj55XzOJNR/tsYh4iuVi2pg==",
      "peerDependencies": {
        "@angular/core": "^8.0.0",
        "rxjs": "^6.4.0"
      }
    },
    "node_modules/@ngrx/store-devtools": {
      "version": "8.6.1",
      "resolved": "https://registry.npmjs.org/@ngrx/store-devtools/-/store-devtools-8.6.1.tgz",
      "integrity": "sha512-rWW8FMKgb3paKmlhS8T/T3Sjm4w2WiQAOKU2cXy8D4ZrGTrFhaZDxHsn7eo+l3AN1EMXQh/w/eNLpevtCrO/wg==",
      "dev": true,
      "peerDependencies": {
        "@ngrx/store": "8.6.1",
        "rxjs": "^6.4.0"
      }
    },
    "node_modules/bootstrap": {
      "version": "3.3.7",
      "resolved": "https://registry.npmjs.org/bootstrap/-/bootstrap-3.3.7.tgz",
      "integrity": "sha512-qcFaisBrcBhTFkz1IUnGDYnX6ZWfFzH8zOixUDtHW9Ip+r+7MfMFav2rzy7cIHc7rgIg7xjhWBoo1mS/U26j4g==",
      "engines": {
        "node": ">=0.10.1"
      }
    },
    "node_modules/core-js": {
      "version": "3.26.1",
      "resolved": "https://registry.npmjs.org/core-js/-/core-js-3.26.1.tgz",
      "integrity": "sha512-21491RRQVzUn0GGM9Z1Jrpr6PNPxPi+Za8OM9q4tksTSnlbXXGKK1nXNg/QvwFYettXvSX6zWKCtHHfjN4puyA==",
      "hasInstallScript": true,
      "funding": {
        "type": "opencollective",
        "url": "https://opencollective.com/core-js"
      }
    },
    "node_modules/rxjs": {
      "version": "6.6.7",
      "resolved": "https://registry.npmjs.org/rxjs/-/rxjs-6.6.7.tgz",
      "integrity": "sha512-hTdwr+7yYNIT5n4AMYp85KA6yw2Va0FLa3Rguvbpa4W3I5xynaBZo41cM3XM+4Q6fRMj3sBYIR1VAmZMXYJvRQ==",
      "dependencies": {
        "tslib": "^1.9.0"
      },
      "engines": {
        "npm": ">=2.0.0"
      }
    },
    "node_modules/tslib": {
      "version": "1.14.1",
      "resolved": "https://registry.npmjs.org/tslib/-/tslib-1.14.1.tgz",
      "integrity": "sha512-Xni35NKzjgMrwevysHTCArtLDpPvye8zV/0E4EyYn43P7/7qvQwPh9BGkHewbMulVntbigmcT7rdX3BNo9wRJg=="
    },
    "node_modules/zone.js": {
      "version": "0.8.29",
      "resolved": "https://registry.npmjs.org/zone.js/-/zone.js-0.8.29.tgz",
      "integrity": "sha512-mla2acNCMkWXBD+c+yeUrBUrzOxYMNFdQ6FGfigGGtEVBPJx07BQeJekjt9DmH1FtZek4E9rE1eRR9qQpxACOQ=="
    }
  },
  "dependencies": {
    "@angular/animations": {
      "version": "8.2.14",
      "resolved": "https://registry.npmjs.org/@angular/animations/-/animations-8.2.14.tgz",
      "integrity": "sha512-3Vc9TnNpKdtvKIXcWDFINSsnwgEMiDmLzjceWg1iYKwpeZGQahUXPoesLwQazBMmxJzQiA4HOMj0TTXKZ+Jzkg==",
      "requires": {
        "tslib": "^1.9.0"
      }
    },
    "@angular/common": {
      "version": "8.2.14",
      "resolved": "https://registry.npmjs.org/@angular/common/-/common-8.2.14.tgz",
      "integrity": "sha512-Qmt+aX2quUW54kaNT7QH7WGXnFxr/cC2C6sf5SW5SdkZfDQSiz8IaItvieZfXVQUbBOQKFRJ7TlSkt0jI/yjvw==",
      "requires": {
        "tslib": "^1.9.0"
      }
    },
    "@angular/compiler": {
      "version": "8.2.14",
      "resolved": "https://registry.npmjs.org/@angular/compiler/-/compiler-8.2.14.tgz",
      "integrity": "sha512-ABZO4E7eeFA1QyJ2trDezxeQM5ZFa1dXw1Mpl/+1vuXDKNjJgNyWYwKp/NwRkLmrsuV0yv4UDCDe4kJOGbPKnw==",
      "requires": {
        "tslib": "^1.9.0"
      }
    },
    "@angular/core": {
      "version": "8.2.14",
      "resolved": "https://registry.npmjs.org/@angular/core/-/core-8.2.14.tgz",
      "integrity": "sha512-zeePkigi+hPh3rN7yoNENG/YUBUsIvUXdxx+AZq+QPaFeKEA2FBSrKn36ojHFrdJUjKzl0lPMEiGC2b6a6bo6g==",
      "requires": {
        "tslib": "^1.9.0"
      }
    },
    "@angular/forms": {
      "version": "8.2.14",
      "resolved": "https://registry.npmjs.org/@angular/forms/-/forms-8.2.14.tgz",
      "integrity": "sha512-zhyKL3CFIqcyHJ/TQF/h1OZztK611a6rxuPHCrt/5Sn1SuBTJJQ1pPTkOYIDy6IrCrtyANc8qB6P17Mao71DNQ==",
      "requires": {
        "tslib": "^1.9.0"
      }
    },
    "@angular/platform-browser": {
      "version": "8.2.14",
      "resolved": "https://registry.npmjs.org/@angular/platform-browser/-/platform-browser-8.2.14.tgz",
      "integrity": "sha512-MtJptptyKzsE37JZ2VB/tI4cvMrdAH+cT9pMBYZd66YSZfKjIj5s+AZo7z8ncoskQSB1o3HMfDjSK7QXGx1mLQ==",
      "requires": {
        "tslib": "^1.9.0"
      }
    },
    "@angular/platform-browser-dynamic": {
      "version": "8.2.14",
      "resolved": "https://registry.npmjs.org/@angular/platform-browser-dynamic/-/platform-browser-dynamic-8.2.14.tgz",
      "integrity": "sha512-mO2JPR5kLU/A3AQngy9+R/Q5gaF9csMStBQjwsCRI0wNtlItOIGL6+wTYpiTuh/ux+WVN1F2sLcEYU4Zf1ud9A==",
      "requires": {
        "tslib": "^1.9.0"
      }
    },
    "@angular/router": {
      "version": "8.2.14",
      "resolved": "https://registry.npmjs.org/@angular/router/-/router-8.2.14.tgz",
      "integrity": "sha512-DHA2BhODqV7F0g6ZKgFaZgbsqzHHWRcfWchCOrOVKu2rYiKUTwwHVLBgZAhrpNeinq2pWanVYSIhMr7wy+LfEA==",
      "requires": {
        "tslib": "^1.9.0"
      }
    },
    "@ngrx/effects": {
      "version": "8.6.1",
      "resolved": "https://registry.npmjs.org/@ngrx/effects/-/effects-8.6.1.tgz",
      "integrity": "sha512-nvokfJ+LXez3DuAVSWW4w/eMrjPoSpzyHSToIVbDTVIF4JZ3g8fKdi9aHYAeXy2MDR1BaV7zMTmM9w6J0TDZtw==",
      "requires": {}
    },
    "@ngrx/store": {
      "version": "8.6.1",
      "resolved": "https://registry.npmjs.org/@ngrx/store/-/store-8.6.1.tgz",
      "integrity": "sha512-bV7X0hNywd6N5YroWdZffIEvLKdHZo/l4tCK9FC/o5OezVyPRKZ6QVHz8e2jnLvqj55XzOJNR/tsYh4iuVi2pg==",
      "requires": {}
    },
    "@ngrx/store-devtools": {
      "version": "8.6.1",
      "resolved": "https://registry.npmjs.org/@ngrx/store-devtools/-/store-devtools-8.6.1.tgz",
      "integrity": "sha512-rWW8FMKgb3paKmlhS8T/T3Sjm4w2WiQAOKU2cXy8D4ZrGTrFhaZDxHsn7eo+l3AN1EMXQh/w/eNLpevtCrO/wg==",
      "dev": true,
      "requires": {}
    },
    "bootstrap": {
      "version": "3.3.7",
      "resolved": "https://registry.npmjs.org/bootstrap/-/bootstrap-3.3.7.tgz",
      "integrity": "sha512-qcFaisBrcBhTFkz1IUnGDYnX6ZWfFzH8zOixUDtHW9Ip+r+7MfMFav2rzy7cIHc7rgIg7xjhWBoo1mS/U26j4g=="
    },
    "core-js": {
      "version": "3.26.1",
      "resolved": "https://registry.npmjs.org/core-js/-/core-js-3.26.1.tgz",
      "integrity": "sha512-21491RRQVzUn0GGM9Z1Jrpr6PNPxPi+Za8OM9q4tksTSnlbXXGKK1nXNg/QvwFYettXvSX6zWKCtHHfjN4puyA=="
    },
    "rxjs": {
      "version": "6.6.7",
      "resolved": "https://registry.npmjs.org/rxjs/-/rxjs-6.6.7.tgz",
      "integrity": "sha512-hTdwr+7yYNIT5n4AMYp85KA6yw2Va0FLa3Rguvbpa4W3I5xynaBZo41cM3XM+4Q6fRMj3sBYIR1VAmZMXYJvRQ==",
      "requires": {
        "tslib": "^1.9.0"
      }
    },
    "tslib": {
      "version": "1.14.1",
      "resolved": "https://registry.npmjs.org/tslib/-/tslib-1.14.1.tgz",
      "integrity": "sha512-Xni35NKzjgMrwevysHTCArtLDpPvye8zV/0E4EyYn43P7/7qvQwPh9BGkHewbMulVntbigmcT7rdX3BNo9wRJg=="
    },
    "zone.js": {
      "version": "0.8.29",
      "resolved": "https://registry.npmjs.org/zone.js/-/zone.js-0.8.29.tgz",
      "integrity": "sha512-mla2acNCMkWXBD+c+yeUrBUrzOxYMNFdQ6FGfigGGtEVBPJx07BQeJekjt9DmH1FtZek4E9rE1eRR9qQpxACOQ=="
    }
  }
}
